
Microsoft Visual Studio Solution File, Format Version 12.00
# Visual Studio Version 17
VisualStudioVersion = 17.1.32421.90
MinimumVisualStudioVersion = 10.0.40219.1
Project("{FAE04EC0-301F-11D3-BF4B-00C04F79EFBC}") = "RDF_ConsoleApp", "RDF_ConsoleApp\RDF_ConsoleApp.csproj", "{E2EC7085-D4F5-4C1A-B2F0-FBFCBA0D1938}"
EndProject
Project("{FAE04EC0-301F-11D3-BF4B-00C04F79EFBC}") = "RDF_Engine", "RDF_Engine\RDF_Engine.csproj", "{9424302A-AAB4-41EA-B109-157BA549DE96}"
EndProject
Project("{FAE04EC0-301F-11D3-BF4B-00C04F79EFBC}") = "RDF_oM", "RDF_oM\RDF_oM.csproj", "{35CB5890-7BC1-4F9C-A63F-771F71124D6A}"
EndProject
Project("{2150E333-8FDC-42A3-9474-1A3956D46DE8}") = "Solution Items", "Solution Items", "{5B85B6B2-63CD-4BB1-B1D6-D8C23B5C20C2}"
	ProjectSection(SolutionItems) = preProject
		repo-config.ttl = repo-config.ttl
	EndProjectSection
EndProject
Global
	GlobalSection(SolutionConfigurationPlatforms) = preSolution
		Debug|Any CPU = Debug|Any CPU
		Release|Any CPU = Release|Any CPU
	EndGlobalSection
	GlobalSection(ProjectConfigurationPlatforms) = postSolution
		{E2EC7085-D4F5-4C1A-B2F0-FBFCBA0D1938}.Debug|Any CPU.ActiveCfg = Debug|Any CPU
		{E2EC7085-D4F5-4C1A-B2F0-FBFCBA0D1938}.Debug|Any CPU.Build.0 = Debug|Any CPU
		{E2EC7085-D4F5-4C1A-B2F0-FBFCBA0D1938}.Release|Any CPU.ActiveCfg = Release|Any CPU
		{E2EC7085-D4F5-4C1A-B2F0-FBFCBA0D1938}.Release|Any CPU.Build.0 = Release|Any CPU
		{9424302A-AAB4-41EA-B109-157BA549DE96}.Debug|Any CPU.ActiveCfg = Debug|Any CPU
		{9424302A-AAB4-41EA-B109-157BA549DE96}.Debug|Any CPU.Build.0 = Debug|Any CPU
		{9424302A-AAB4-41EA-B109-157BA549DE96}.Release|Any CPU.ActiveCfg = Release|Any CPU
		{9424302A-AAB4-41EA-B109-157BA549DE96}.Release|Any CPU.Build.0 = Release|Any CPU
		{35CB5890-7BC1-4F9C-A63F-771F71124D6A}.Debug|Any CPU.ActiveCfg = Debug|Any CPU
		{35CB5890-7BC1-4F9C-A63F-771F71124D6A}.Debug|Any CPU.Build.0 = Debug|Any CPU
		{35CB5890-7BC1-4F9C-A63F-771F71124D6A}.Release|Any CPU.ActiveCfg = Release|Any CPU
		{35CB5890-7BC1-4F9C-A63F-771F71124D6A}.Release|Any CPU.Build.0 = Release|Any CPU
	EndGlobalSection
	GlobalSection(SolutionProperties) = preSolution
		HideSolutionNode = FALSE
	EndGlobalSection
	GlobalSection(ExtensibilityGlobals) = postSolution
		SolutionGuid = {84B8577C-0252-45B8-908F-B4CFA4568936}
	EndGlobalSection
EndGlobal
